// !$*UTF8*$!
{
	archiveVersion = 1;
	classes = {
	};
	objectVersion = 56;
	objects = {

/* Begin PBXBuildFile section */
		40F190CF2968BAAB004E5CC7 /* AppDelegate.swift in Sources */ = {isa = PBXBuildFile; fileRef = 40F190CE2968BAAB004E5CC7 /* AppDelegate.swift */; };
		40F190D12968BAAB004E5CC7 /* SceneDelegate.swift in Sources */ = {isa = PBXBuildFile; fileRef = 40F190D02968BAAB004E5CC7 /* SceneDelegate.swift */; };
		40F190D32968BAAB004E5CC7 /* ViewController.swift in Sources */ = {isa = PBXBuildFile; fileRef = 40F190D22968BAAB004E5CC7 /* ViewController.swift */; };
		40F190D62968BAAB004E5CC7 /* Main.storyboard in Resources */ = {isa = PBXBuildFile; fileRef = 40F190D42968BAAB004E5CC7 /* Main.storyboard */; };
		40F190D82968BAAC004E5CC7 /* Assets.xcassets in Resources */ = {isa = PBXBuildFile; fileRef = 40F190D72968BAAC004E5CC7 /* Assets.xcassets */; };
		40F190DB2968BAAC004E5CC7 /* LaunchScreen.storyboard in Resources */ = {isa = PBXBuildFile; fileRef = 40F190D92968BAAC004E5CC7 /* LaunchScreen.storyboard */; };
		40F190E92968BAF8004E5CC7 /* ChallengeCalculatorTests.swift in Sources */ = {isa = PBXBuildFile; fileRef = 40F190E82968BAF8004E5CC7 /* ChallengeCalculatorTests.swift */; };
		40F190F02968BD32004E5CC7 /* Challenge.swift in Sources */ = {isa = PBXBuildFile; fileRef = 40F190EF2968BD32004E5CC7 /* Challenge.swift */; };
/* End PBXBuildFile section */

/* Begin PBXContainerItemProxy section */
		40F190EA2968BAF8004E5CC7 /* PBXContainerItemProxy */ = {
			isa = PBXContainerItemProxy;
			containerPortal = 40F190C32968BAAB004E5CC7 /* Project object */;
			proxyType = 1;
			remoteGlobalIDString = 40F190CA2968BAAB004E5CC7;
			remoteInfo = ChallengeCalculator;
		};
/* End PBXContainerItemProxy section */

/* Begin PBXFileReference section */
		40F190CB2968BAAB004E5CC7 /* ChallengeCalculator.app */ = {isa = PBXFileReference; explicitFileType = wrapper.application; includeInIndex = 0; path = ChallengeCalculator.app; sourceTree = BUILT_PRODUCTS_DIR; };
		40F190CE2968BAAB004E5CC7 /* AppDelegate.swift */ = {isa = PBXFileReference; lastKnownFileType = sourcecode.swift; path = AppDelegate.swift; sourceTree = "<group>"; };
		40F190D02968BAAB004E5CC7 /* SceneDelegate.swift */ = {isa = PBXFileReference; lastKnownFileType = sourcecode.swift; path = SceneDelegate.swift; sourceTree = "<group>"; };
		40F190D22968BAAB004E5CC7 /* ViewController.swift */ = {isa = PBXFileReference; lastKnownFileType = sourcecode.swift; path = ViewController.swift; sourceTree = "<group>"; };
		40F190D52968BAAB004E5CC7 /* Base */ = {isa = PBXFileReference; lastKnownFileType = file.storyboard; name = Base; path = Base.lproj/Main.storyboard; sourceTree = "<group>"; };
		40F190D72968BAAC004E5CC7 /* Assets.xcassets */ = {isa = PBXFileReference; lastKnownFileType = folder.assetcatalog; path = Assets.xcassets; sourceTree = "<group>"; };
		40F190DA2968BAAC004E5CC7 /* Base */ = {isa = PBXFileReference; lastKnownFileType = file.storyboard; name = Base; path = Base.lproj/LaunchScreen.storyboard; sourceTree = "<group>"; };
		40F190DC2968BAAC004E5CC7 /* Info.plist */ = {isa = PBXFileReference; lastKnownFileType = text.plist.xml; path = Info.plist; sourceTree = "<group>"; };
		40F190E62968BAF8004E5CC7 /* ChallengeCalculatorTests.xctest */ = {isa = PBXFileReference; explicitFileType = wrapper.cfbundle; includeInIndex = 0; path = ChallengeCalculatorTests.xctest; sourceTree = BUILT_PRODUCTS_DIR; };
		40F190E82968BAF8004E5CC7 /* ChallengeCalculatorTests.swift */ = {isa = PBXFileReference; lastKnownFileType = sourcecode.swift; path = ChallengeCalculatorTests.swift; sourceTree = "<group>"; };
		40F190EF2968BD32004E5CC7 /* Challenge.swift */ = {isa = PBXFileReference; lastKnownFileType = sourcecode.swift; path = Challenge.swift; sourceTree = "<group>"; };
/* End PBXFileReference section */

/* Begin PBXFrameworksBuildPhase section */
		40F190C82968BAAB004E5CC7 /* Frameworks */ = {
			isa = PBXFrameworksBuildPhase;
			buildActionMask = 2147483647;
			files = (
			);
			runOnlyForDeploymentPostprocessing = 0;
		};
		40F190E32968BAF8004E5CC7 /* Frameworks */ = {
			isa = PBXFrameworksBuildPhase;
			buildActionMask = 2147483647;
			files = (
			);
			runOnlyForDeploymentPostprocessing = 0;
		};
/* End PBXFrameworksBuildPhase section */

/* Begin PBXGroup section */
		40F190C22968BAAB004E5CC7 = {
			isa = PBXGroup;
			children = (
				40F190CD2968BAAB004E5CC7 /* ChallengeCalculator */,
				40F190E72968BAF8004E5CC7 /* ChallengeCalculatorTests */,
				40F190CC2968BAAB004E5CC7 /* Products */,
			);
			sourceTree = "<group>";
		};
		40F190CC2968BAAB004E5CC7 /* Products */ = {
			isa = PBXGroup;
			children = (
				40F190CB2968BAAB004E5CC7 /* ChallengeCalculator.app */,
				40F190E62968BAF8004E5CC7 /* ChallengeCalculatorTests.xctest */,
			);
			name = Products;
			sourceTree = "<group>";
		};
		40F190CD2968BAAB004E5CC7 /* ChallengeCalculator */ = {
			isa = PBXGroup;
			children = (
				40F190CE2968BAAB004E5CC7 /* AppDelegate.swift */,
				40F190D02968BAAB004E5CC7 /* SceneDelegate.swift */,
				40F190EF2968BD32004E5CC7 /* Challenge.swift */,
				40F190D22968BAAB004E5CC7 /* ViewController.swift */,
				40F190D42968BAAB004E5CC7 /* Main.storyboard */,
				40F190D72968BAAC004E5CC7 /* Assets.xcassets */,
				40F190D92968BAAC004E5CC7 /* LaunchScreen.storyboard */,
				40F190DC2968BAAC004E5CC7 /* Info.plist */,
			);
			path = ChallengeCalculator;
			sourceTree = "<group>";
		};
		40F190E72968BAF8004E5CC7 /* ChallengeCalculatorTests */ = {
			isa = PBXGroup;
			children = (
				40F190E82968BAF8004E5CC7 /* ChallengeCalculatorTests.swift */,
			);
			path = ChallengeCalculatorTests;
			sourceTree = "<group>";
		};
/* End PBXGroup section */

/* Begin PBXNativeTarget section */
		40F190CA2968BAAB004E5CC7 /* ChallengeCalculator */ = {
			isa = PBXNativeTarget;
			buildConfigurationList = 40F190DF2968BAAC004E5CC7 /* Build configuration list for PBXNativeTarget "ChallengeCalculator" */;
			buildPhases = (
				40F190C72968BAAB004E5CC7 /* Sources */,
				40F190C82968BAAB004E5CC7 /* Frameworks */,
				40F190C92968BAAB004E5CC7 /* Resources */,
			);
			buildRules = (
			);
			dependencies = (
			);
			name = ChallengeCalculator;
			productName = ChallengeCalculator;
			productReference = 40F190CB2968BAAB004E5CC7 /* ChallengeCalculator.app */;
			productType = "com.apple.product-type.application";
		};
		40F190E52968BAF8004E5CC7 /* ChallengeCalculatorTests */ = {
			isa = PBXNativeTarget;
			buildConfigurationList = 40F190EC2968BAF8004E5CC7 /* Build configuration list for PBXNativeTarget "ChallengeCalculatorTests" */;
			buildPhases = (
				40F190E22968BAF8004E5CC7 /* Sources */,
				40F190E32968BAF8004E5CC7 /* Frameworks */,
				40F190E42968BAF8004E5CC7 /* Resources */,
			);
			buildRules = (
			);
			dependencies = (
				40F190EB2968BAF8004E5CC7 /* PBXTargetDependency */,
			);
			name = ChallengeCalculatorTests;
			productName = ChallengeCalculatorTests;
			productReference = 40F190E62968BAF8004E5CC7 /* ChallengeCalculatorTests.xctest */;
			productType = "com.apple.product-type.bundle.unit-test";
		};
/* End PBXNativeTarget section */

/* Begin PBXProject section */
		40F190C32968BAAB004E5CC7 /* Project object */ = {
			isa = PBXProject;
			attributes = {
				BuildIndependentTargetsInParallel = 1;
				LastSwiftUpdateCheck = 1420;
				LastUpgradeCheck = 1420;
				TargetAttributes = {
					40F190CA2968BAAB004E5CC7 = {
						CreatedOnToolsVersion = 14.2;
					};
					40F190E52968BAF8004E5CC7 = {
						CreatedOnToolsVersion = 14.2;
						TestTargetID = 40F190CA2968BAAB004E5CC7;
					};
				};
			};
			buildConfigurationList = 40F190C62968BAAB004E5CC7 /* Build configuration list for PBXProject "ChallengeCalculator" */;
			compatibilityVersion = "Xcode 14.0";
			developmentRegion = en;
			hasScannedForEncodings = 0;
			knownRegions = (
				en,
				Base,
			);
			mainGroup = 40F190C22968BAAB004E5CC7;
			productRefGroup = 40F190CC2968BAAB004E5CC7 /* Products */;
			projectDirPath = "";
			projectRoot = "";
			targets = (
				40F190CA2968BAAB004E5CC7 /* ChallengeCalculator */,
				40F190E52968BAF8004E5CC7 /* ChallengeCalculatorTests */,
			);
		};
/* End PBXProject section */

/* Begin PBXResourcesBuildPhase section */
		40F190C92968BAAB004E5CC7 /* Resources */ = {
			isa = PBXResourcesBuildPhase;
			buildActionMask = 2147483647;
			files = (
				40F190DB2968BAAC004E5CC7 /* LaunchScreen.storyboard in Resources */,
				40F190D82968BAAC004E5CC7 /* Assets.xcassets in Resources */,
				40F190D62968BAAB004E5CC7 /* Main.storyboard in Resources */,
			);
			runOnlyForDeploymentPostprocessing = 0;
		};
		40F190E42968BAF8004E5CC7 /* Resources */ = {
			isa = PBXResourcesBuildPhase;
			buildActionMask = 2147483647;
			files = (
			);
			runOnlyForDeploymentPostprocessing = 0;
		};
/* End PBXResourcesBuildPhase section */

/* Begin PBXSourcesBuildPhase section */
		40F190C72968BAAB004E5CC7 /* Sources */ = {
			isa = PBXSourcesBuildPhase;
			buildActionMask = 2147483647;
			files = (
				40F190D32968BAAB004E5CC7 /* ViewController.swift in Sources */,
				40F190F02968BD32004E5CC7 /* Challenge.swift in Sources */,
				40F190CF2968BAAB004E5CC7 /* AppDelegate.swift in Sources */,
				40F190D12968BAAB004E5CC7 /* SceneDelegate.swift in Sources */,
			);
			runOnlyForDeploymentPostprocessing = 0;
		};
		40F190E22968BAF8004E5CC7 /* Sources */ = {
			isa = PBXSourcesBuildPhase;
			buildActionMask = 2147483647;
			files = (
				40F190E92968BAF8004E5CC7 /* ChallengeCalculatorTests.swift in Sources */,
			);
			runOnlyForDeploymentPostprocessing = 0;
		};
/* End PBXSourcesBuildPhase section */

/* Begin PBXTargetDependency section */
		40F190EB2968BAF8004E5CC7 /* PBXTargetDependency */ = {
			isa = PBXTargetDependency;
			target = 40F190CA2968BAAB004E5CC7 /* ChallengeCalculator */;
			targetProxy = 40F190EA2968BAF8004E5CC7 /* PBXContainerItemProxy */;
		};
/* End PBXTargetDependency section */

/* Begin PBXVariantGroup section */
		40F190D42968BAAB004E5CC7 /* Main.storyboard */ = {
			isa = PBXVariantGroup;
			children = (
				40F190D52968BAAB004E5CC7 /* Base */,
			);
			name = Main.storyboard;
			sourceTree = "<group>";
		};
		40F190D92968BAAC004E5CC7 /* LaunchScreen.storyboard */ = {
			isa = PBXVariantGroup;
			children = (
				40F190DA2968BAAC004E5CC7 /* Base */,
			);
			name = LaunchScreen.storyboard;
			sourceTree = "<group>";
		};
/* End PBXVariantGroup section */

/* Begin XCBuildConfiguration section */
		40F190DD2968BAAC004E5CC7 /* Debug */ = {
			isa = XCBuildConfiguration;
			buildSettings = {
				ALWAYS_SEARCH_USER_PATHS = NO;
				CLANG_ANALYZER_NONNULL = YES;
				CLANG_ANALYZER_NUMBER_OBJECT_CONVERSION = YES_AGGRESSIVE;
				CLANG_CXX_LANGUAGE_STANDARD = "gnu++20";
				CLANG_ENABLE_MODULES = YES;
				CLANG_ENABLE_OBJC_ARC = YES;
				CLANG_ENABLE_OBJC_WEAK = YES;
				CLANG_WARN_BLOCK_CAPTURE_AUTORELEASING = YES;
				CLANG_WARN_BOOL_CONVERSION = YES;
				CLANG_WARN_COMMA = YES;
				CLANG_WARN_CONSTANT_CONVERSION = YES;
				CLANG_WARN_DEPRECATED_OBJC_IMPLEMENTATIONS = YES;
				CLANG_WARN_DIRECT_OBJC_ISA_USAGE = YES_ERROR;
				CLANG_WARN_DOCUMENTATION_COMMENTS = YES;
				CLANG_WARN_EMPTY_BODY = YES;
				CLANG_WARN_ENUM_CONVERSION = YES;
				CLANG_WARN_INFINITE_RECURSION = YES;
				CLANG_WARN_INT_CONVERSION = YES;
				CLANG_WARN_NON_LITERAL_NULL_CONVERSION = YES;
				CLANG_WARN_OBJC_IMPLICIT_RETAIN_SELF = YES;
				CLANG_WARN_OBJC_LITERAL_CONVERSION = YES;
				CLANG_WARN_OBJC_ROOT_CLASS = YES_ERROR;
				CLANG_WARN_QUOTED_INCLUDE_IN_FRAMEWORK_HEADER = YES;
				CLANG_WARN_RANGE_LOOP_ANALYSIS = YES;
				CLANG_WARN_STRICT_PROTOTYPES = YES;
				CLANG_WARN_SUSPICIOUS_MOVE = YES;
				CLANG_WARN_UNGUARDED_AVAILABILITY = YES_AGGRESSIVE;
				CLANG_WARN_UNREACHABLE_CODE = YES;
				CLANG_WARN__DUPLICATE_METHOD_MATCH = YES;
				COPY_PHASE_STRIP = NO;
				DEBUG_INFORMATION_FORMAT = dwarf;
				ENABLE_STRICT_OBJC_MSGSEND = YES;
				ENABLE_TESTABILITY = YES;
				GCC_C_LANGUAGE_STANDARD = gnu11;
				GCC_DYNAMIC_NO_PIC = NO;
				GCC_NO_COMMON_BLOCKS = YES;
				GCC_OPTIMIZATION_LEVEL = 0;
				GCC_PREPROCESSOR_DEFINITIONS = (
					"DEBUG=1",
					"$(inherited)",
				);
				GCC_WARN_64_TO_32_BIT_CONVERSION = YES;
				GCC_WARN_ABOUT_RETURN_TYPE = YES_ERROR;
				GCC_WARN_UNDECLARED_SELECTOR = YES;
				GCC_WARN_UNINITIALIZED_AUTOS = YES_AGGRESSIVE;
				GCC_WARN_UNUSED_FUNCTION = YES;
				GCC_WARN_UNUSED_VARIABLE = YES;
				IPHONEOS_DEPLOYMENT_TARGET = 16.2;
				MTL_ENABLE_DEBUG_INFO = INCLUDE_SOURCE;
				MTL_FAST_MATH = YES;
				ONLY_ACTIVE_ARCH = YES;
				SDKROOT = iphoneos;
				SWIFT_ACTIVE_COMPILATION_CONDITIONS = DEBUG;
				SWIFT_OPTIMIZATION_LEVEL = "-Onone";
			};
			name = Debug;
		};
		40F190DE2968BAAC004E5CC7 /* Release */ = {
			isa = XCBuildConfiguration;
			buildSettings = {
				ALWAYS_SEARCH_USER_PATHS = NO;
				CLANG_ANALYZER_NONNULL = YES;
				CLANG_ANALYZER_NUMBER_OBJECT_CONVERSION = YES_AGGRESSIVE;
				CLANG_CXX_LANGUAGE_STANDARD = "gnu++20";
				CLANG_ENABLE_MODULES = YES;
				CLANG_ENABLE_OBJC_ARC = YES;
				CLANG_ENABLE_OBJC_WEAK = YES;
				CLANG_WARN_BLOCK_CAPTURE_AUTORELEASING = YES;
				CLANG_WARN_BOOL_CONVERSION = YES;
				CLANG_WARN_COMMA = YES;
				CLANG_WARN_CONSTANT_CONVERSION = YES;
				CLANG_WARN_DEPRECATED_OBJC_IMPLEMENTATIONS = YES;
				CLANG_WARN_DIRECT_OBJC_ISA_USAGE = YES_ERROR;
				CLANG_WARN_DOCUMENTATION_COMMENTS = YES;
				CLANG_WARN_EMPTY_BODY = YES;
				CLANG_WARN_ENUM_CONVERSION = YES;
				CLANG_WARN_INFINITE_RECURSION = YES;
				CLANG_WARN_INT_CONVERSION = YES;
				CLANG_WARN_NON_LITERAL_NULL_CONVERSION = YES;
				CLANG_WARN_OBJC_IMPLICIT_RETAIN_SELF = YES;
				CLANG_WARN_OBJC_LITERAL_CONVERSION = YES;
				CLANG_WARN_OBJC_ROOT_CLASS = YES_ERROR;
				CLANG_WARN_QUOTED_INCLUDE_IN_FRAMEWORK_HEADER = YES;
				CLANG_WARN_RANGE_LOOP_ANALYSIS = YES;
				CLANG_WARN_STRICT_PROTOTYPES = YES;
				CLANG_WARN_SUSPICIOUS_MOVE = YES;
				CLANG_WARN_UNGUARDED_AVAILABILITY = YES_AGGRESSIVE;
				CLANG_WARN_UNREACHABLE_CODE = YES;
				CLANG_WARN__DUPLICATE_METHOD_MATCH = YES;
				COPY_PHASE_STRIP = NO;
				DEBUG_INFORMATION_FORMAT = "dwarf-with-dsym";
				ENABLE_NS_ASSERTIONS = NO;
				ENABLE_STRICT_OBJC_MSGSEND = YES;
				GCC_C_LANGUAGE_STANDARD = gnu11;
				GCC_NO_COMMON_BLOCKS = YES;
				GCC_WARN_64_TO_32_BIT_CONVERSION = YES;
				GCC_WARN_ABOUT_RETURN_TYPE = YES_ERROR;
				GCC_WARN_UNDECLARED_SELECTOR = YES;
				GCC_WARN_UNINITIALIZED_AUTOS = YES_AGGRESSIVE;
				GCC_WARN_UNUSED_FUNCTION = YES;
				GCC_WARN_UNUSED_VARIABLE = YES;
				IPHONEOS_DEPLOYMENT_TARGET = 16.2;
				MTL_ENABLE_DEBUG_INFO = NO;
				MTL_FAST_MATH = YES;
				SDKROOT = iphoneos;
				SWIFT_COMPILATION_MODE = wholemodule;
				SWIFT_OPTIMIZATION_LEVEL = "-O";
				VALIDATE_PRODUCT = YES;
			};
			name = Release;
		};
		40F190E02968BAAC004E5CC7 /* Debug */ = {
			isa = XCBuildConfiguration;
			buildSettings = {
				ASSETCATALOG_COMPILER_APPICON_NAME = AppIcon;
				ASSETCATALOG_COMPILER_GLOBAL_ACCENT_COLOR_NAME = AccentColor;
				CODE_SIGN_STYLE = Automatic;
				CURRENT_PROJECT_VERSION = 1;
				DEVELOPMENT_TEAM = V23Z3P8TP3;
				GENERATE_INFOPLIST_FILE = YES;
				INFOPLIST_FILE = ChallengeCalculator/Info.plist;
				INFOPLIST_KEY_UIApplicationSupportsIndirectInputEvents = YES;
				INFOPLIST_KEY_UILaunchStoryboardName = LaunchScreen;
				INFOPLIST_KEY_UIMainStoryboardFile = Main;
				INFOPLIST_KEY_UISupportedInterfaceOrientations_iPad = "UIInterfaceOrientationPortrait UIInterfaceOrientationPortraitUpsideDown UIInterfaceOrientationLandscapeLeft UIInterfaceOrientationLandscapeRight";
				INFOPLIST_KEY_UISupportedInterfaceOrientations_iPhone = "UIInterfaceOrientationPortrait UIInterfaceOrientationLandscapeLeft UIInterfaceOrientationLandscapeRight";
				LD_RUNPATH_SEARCH_PATHS = (
					"$(inherited)",
					"@executable_path/Frameworks",
				);
				MARKETING_VERSION = 1.0;
				PRODUCT_BUNDLE_IDENTIFIER = com.CroweCoding.ChallengeCalculator;
				PRODUCT_NAME = "$(TARGET_NAME)";
				SWIFT_EMIT_LOC_STRINGS = YES;
				SWIFT_VERSION = 5.0;
				TARGETED_DEVICE_FAMILY = "1,2";
			};
			name = Debug;
		};
		40F190E12968BAAC004E5CC7 /* Release */ = {
			isa = XCBuildConfiguration;
			buildSettings = {
				ASSETCATALOG_COMPILER_APPICON_NAME = AppIcon;
				ASSETCATALOG_COMPILER_GLOBAL_ACCENT_COLOR_NAME = AccentColor;
				CODE_SIGN_STYLE = Automatic;
				CURRENT_PROJECT_VERSION = 1;
				DEVELOPMENT_TEAM = V23Z3P8TP3;
				GENERATE_INFOPLIST_FILE = YES;
				INFOPLIST_FILE = ChallengeCalculator/Info.plist;
				INFOPLIST_KEY_UIApplicationSupportsIndirectInputEvents = YES;
				INFOPLIST_KEY_UILaunchStoryboardName = LaunchScreen;
				INFOPLIST_KEY_UIMainStoryboardFile = Main;
				INFOPLIST_KEY_UISupportedInterfaceOrientations_iPad = "UIInterfaceOrientationPortrait UIInterfaceOrientationPortraitUpsideDown UIInterfaceOrientationLandscapeLeft UIInterfaceOrientationLandscapeRight";
				INFOPLIST_KEY_UISupportedInterfaceOrientations_iPhone = "UIInterfaceOrientationPortrait UIInterfaceOrientationLandscapeLeft UIInterfaceOrientationLandscapeRight";
				LD_RUNPATH_SEARCH_PATHS = (
					"$(inherited)",
					"@executable_path/Frameworks",
				);
				MARKETING_VERSION = 1.0;
				PRODUCT_BUNDLE_IDENTIFIER = com.CroweCoding.ChallengeCalculator;
				PRODUCT_NAME = "$(TARGET_NAME)";
				SWIFT_EMIT_LOC_STRINGS = YES;
				SWIFT_VERSION = 5.0;
				TARGETED_DEVICE_FAMILY = "1,2";
			};
			name = Release;
		};
		40F190ED2968BAF8004E5CC7 /* Debug */ = {
			isa = XCBuildConfiguration;
			buildSettings = {
				BUNDLE_LOADER = "$(TEST_HOST)";
				CODE_SIGN_STYLE = Automatic;
				CURRENT_PROJECT_VERSION = 1;
				DEVELOPMENT_TEAM = V23Z3P8TP3;
				GENERATE_INFOPLIST_FILE = YES;
				MARKETING_VERSION = 1.0;
				PRODUCT_BUNDLE_IDENTIFIER = com.CroweCoding.ChallengeCalculatorTests;
				PRODUCT_NAME = "$(TARGET_NAME)";
				SWIFT_EMIT_LOC_STRINGS = NO;
				SWIFT_VERSION = 5.0;
				TARGETED_DEVICE_FAMILY = "1,2";
				TEST_HOST = "$(BUILT_PRODUCTS_DIR)/ChallengeCalculator.app/$(BUNDLE_EXECUTABLE_FOLDER_PATH)/ChallengeCalculator";
			};
			name = Debug;
		};
		40F190EE2968BAF8004E5CC7 /* Release */ = {
			isa = XCBuildConfiguration;
			buildSettings = {
				BUNDLE_LOADER = "$(TEST_HOST)";
				CODE_SIGN_STYLE = Automatic;
				CURRENT_PROJECT_VERSION = 1;
				DEVELOPMENT_TEAM = V23Z3P8TP3;
				GENERATE_INFOPLIST_FILE = YES;
				MARKETING_VERSION = 1.0;
				PRODUCT_BUNDLE_IDENTIFIER = com.CroweCoding.ChallengeCalculatorTests;
				PRODUCT_NAME = "$(TARGET_NAME)";
				SWIFT_EMIT_LOC_STRINGS = NO;
				SWIFT_VERSION = 5.0;
				TARGETED_DEVICE_FAMILY = "1,2";
				TEST_HOST = "$(BUILT_PRODUCTS_DIR)/ChallengeCalculator.app/$(BUNDLE_EXECUTABLE_FOLDER_PATH)/ChallengeCalculator";
			};
			name = Release;
		};
/* End XCBuildConfiguration section */

/* Begin XCConfigurationList section */
		40F190C62968BAAB004E5CC7 /* Build configuration list for PBXProject "ChallengeCalculator" */ = {
			isa = XCConfigurationList;
			buildConfigurations = (
				40F190DD2968BAAC004E5CC7 /* Debug */,
				40F190DE2968BAAC004E5CC7 /* Release */,
			);
			defaultConfigurationIsVisible = 0;
			defaultConfigurationName = Release;
		};
		40F190DF2968BAAC004E5CC7 /* Build configuration list for PBXNativeTarget "ChallengeCalculator" */ = {
			isa = XCConfigurationList;
			buildConfigurations = (
				40F190E02968BAAC004E5CC7 /* Debug */,
				40F190E12968BAAC004E5CC7 /* Release */,
			);
			defaultConfigurationIsVisible = 0;
			defaultConfigurationName = Release;
		};
		40F190EC2968BAF8004E5CC7 /* Build configuration list for PBXNativeTarget "ChallengeCalculatorTests" */ = {
			isa = XCConfigurationList;
			buildConfigurations = (
				40F190ED2968BAF8004E5CC7 /* Debug */,
				40F190EE2968BAF8004E5CC7 /* Release */,
			);
			defaultConfigurationIsVisible = 0;
			defaultConfigurationName = Release;
		};
/* End XCConfigurationList section */
	};
	rootObject = 40F190C32968BAAB004E5CC7 /* Project object */;
}
